Microsoft Visual Studio Solution File, Format Version 12.00
# Visual Studio Version 16
VisualStudioVersion = 16.0.29609.76
MinimumVisualStudioVersion = 10.0.40219.1
Project("{FAE04EC0-301F-11D3-BF4B-00C04F79EFBC}") = "Recipe_Scaler", "Recipe_Scaler\Recipe_Scaler.csproj", "{24DBAB51-1DC8-4E23-842E-46F008828340}"
EndProject
Global
	GlobalSection(SolutionConfigurationPlatforms) = preSolution
		Debug|anycpu = Debug|anycpu
		Release|anycpu = Release|anycpu
	EndGlobalSection
	GlobalSection(ProjectConfigurationPlatforms) = postSolution
		{24DBAB51-1DC8-4E23-842E-46F008828340}.Debug|anycpu.ActiveCfg = Debug|Any CPU
		{24DBAB51-1DC8-4E23-842E-46F008828340}.Debug|anycpu.Build.0 = Debug|Any CPU
		{24DBAB51-1DC8-4E23-842E-46F008828340}.Release|anycpu.ActiveCfg = Release|Any CPU
		{24DBAB51-1DC8-4E23-842E-46F008828340}.Release|anycpu.Build.0 = Release|Any CPU
	EndGlobalSection
	GlobalSection(SolutionProperties) = preSolution
		HideSolutionNode = FALSE
	EndGlobalSection
	GlobalSection(ExtensibilityGlobals) = postSolution
		SolutionGuid = {744AF7FF-0FD8-4205-BDBB-288FCE553883}
	EndGlobalSection
EndGlobal
